
Microsoft Visual Studio Solution File, Format Version 12.00
# Visual Studio 15
VisualStudioVersion = 15.0.28307.102
MinimumVisualStudioVersion = 10.0.40219.1
Project("{8BC9CEB8-8B4A-11D0-8D11-00A0C91BC942}") = "Sort", "Sort\Sort.vcxproj", "{44E2AA3E-68D0-4702-9E48-BDCC936818BE}"
EndProject
Global
	GlobalSection(SolutionConfigurationPlatforms) = preSolution
		Debug|x64 = Debug|x64
		Debug|x86 = Debug|x86
		Release|x64 = Release|x64
		Release|x86 = Release|x86
	EndGlobalSection
	GlobalSection(ProjectConfigurationPlatforms) = postSolution
		{44E2AA3E-68D0-4702-9E48-BDCC936818BE}.Debug|x64.ActiveCfg = Debug|x64
		{44E2AA3E-68D0-4702-9E48-BDCC936818BE}.Debug|x64.Build.0 = Debug|x64
		{44E2AA3E-68D0-4702-9E48-BDCC936818BE}.Debug|x86.ActiveCfg = Debug|Win32
		{44E2AA3E-68D0-4702-9E48-BDCC936818BE}.Debug|x86.Build.0 = Debug|Win32
		{44E2AA3E-68D0-4702-9E48-BDCC936818BE}.Release|x64.ActiveCfg = Release|x64
		{44E2AA3E-68D0-4702-9E48-BDCC936818BE}.Release|x64.Build.0 = Release|x64
		{44E2AA3E-68D0-4702-9E48-BDCC936818BE}.Release|x86.ActiveCfg = Release|Win32
		{44E2AA3E-68D0-4702-9E48-BDCC936818BE}.Release|x86.Build.0 = Release|Win32
	EndGlobalSection
	GlobalSection(SolutionProperties) = preSolution
		HideSolutionNode = FALSE
	EndGlobalSection
	GlobalSection(ExtensibilityGlobals) = postSolution
		SolutionGuid = {F949B42B-5B4D-409C-9F3E-D49B1697CB19}
	EndGlobalSection
EndGlobal
